
Microsoft Visual Studio Solution File, Format Version 12.00
# Visual Studio Version 17
VisualStudioVersion = 17.3.32825.248
MinimumVisualStudioVersion = 10.0.40219.1
Project("{FAE04EC0-301F-11D3-BF4B-00C04F79EFBC}") = "QuizSite", "QuizSite\QuizSite.csproj", "{B7A55C5B-F3A8-4EFE-BCB1-2227091E4592}"
EndProject
Global
	GlobalSection(SolutionConfigurationPlatforms) = preSolution
		Debug|Any CPU = Debug|Any CPU
		Release|Any CPU = Release|Any CPU
	EndGlobalSection
	GlobalSection(ProjectConfigurationPlatforms) = postSolution
		{B7A55C5B-F3A8-4EFE-BCB1-2227091E4592}.Debug|Any CPU.ActiveCfg = Debug|Any CPU
		{B7A55C5B-F3A8-4EFE-BCB1-2227091E4592}.Debug|Any CPU.Build.0 = Debug|Any CPU
		{B7A55C5B-F3A8-4EFE-BCB1-2227091E4592}.Release|Any CPU.ActiveCfg = Release|Any CPU
		{B7A55C5B-F3A8-4EFE-BCB1-2227091E4592}.Release|Any CPU.Build.0 = Release|Any CPU
	EndGlobalSection
	GlobalSection(SolutionProperties) = preSolution
		HideSolutionNode = FALSE
	EndGlobalSection
	GlobalSection(ExtensibilityGlobals) = postSolution
		SolutionGuid = {3CCEF0D9-CED2-411C-885E-16B7E68A2491}
	EndGlobalSection
EndGlobal
